<Solution>
  <Folder Name="/AuthService/">
    <Project Path="AuthService.Api/AuthService.Api.csproj" Id="b0ac6f27-245a-47ca-b1b1-992c440dd2fe" />
    <Project Path="AuthService.Application/AuthService.Application.csproj" Id="255099d5-6a75-4d4d-b954-e03f994cb418" />
    <Project Path="AuthService.Domain/AuthService.Domain.csproj" Id="b7bd2507-f1da-443c-8d62-c7e56db33f34" />
    <Project Path="AuthService.Infrastructure/AuthService.Infrastructure.csproj" Id="c8cf99dc-e3ce-46fe-8cb7-9204f0880165" />
  </Folder>
  <Folder Name="/CartService/">
    <Project Path="CartService.Api/CartService.Api.csproj" Id="983c68fc-d051-40b0-b412-6ad140910f41" />
    <Project Path="CartService.Application/CartService.Application.csproj" Id="8c9ef876-62ec-49ac-9137-fa1ce2de4255" />
    <Project Path="CartService.Domain/CartService.Domain.csproj" Id="449ea802-fba9-4ede-a2fb-f123ada62465" />
    <Project Path="CartService.Infrastructure/CartService.Infrastructure.csproj" Id="287804df-9b8f-4114-9e9d-29b9d4cab2c2" />
  </Folder>
  <Folder Name="/InventoryService/">
    <Project Path="InventoryService.Api/InventoryService.Api.csproj" Id="32f88ff7-be7b-4497-8f6a-e0dd1fc8d4ed" />
    <Project Path="InventoryService.Application/InventoryService.Application.csproj" Id="2910d715-40c5-4add-bf92-8f385817e507" />
    <Project Path="InventoryService.Domain/InventoryService.Domain.csproj" Id="c9bc4251-948f-4d0a-9914-a0f14cf4348a" />
    <Project Path="InventoryService.Infrastructure/InventoryService.Infrastructure.csproj" Id="56dff74d-e8ba-427b-aa25-1a9e9fe2cc26" />
  </Folder>
  <Folder Name="/NotificationService/">
    <Project Path="NotificationService.Api/NotificationService.Api.csproj" Id="9946b2f2-d375-4f35-92f5-2ca7cba87f8e" />
    <Project Path="NotificationService.Application/NotificationService.Application.csproj" Id="b6035018-e43e-462f-b999-e2e6a6e40eec" />
    <Project Path="NotificationService.Domain/NotificationService.Domain.csproj" Id="31cb5c8a-a54f-43d7-a5eb-f84fee8ea815" />
    <Project Path="NotificationService.Infrastructure/NotificationService.Infrastructure.csproj" Id="2e1e128c-7a13-417e-8bfd-cba665d715a3" />
  </Folder>
  <Folder Name="/OrderService/">
    <Project Path="OrderService.Api/OrderService.Api.csproj" Id="ffdbaf79-3fc2-4d2f-aadd-b6e0babbc15b" />
    <Project Path="OrderService.Application/OrderService.Application.csproj" Id="1f2b531f-0d42-4ba5-857f-4d12265e564a" />
    <Project Path="OrderService.Domain/OrderService.Domain.csproj" Id="e143c965-4ef5-4d02-9bc5-29d0570ee8ca" />
    <Project Path="OrderService.Infrastructure/OrderService.Infrastructure.csproj" Id="7d33f76a-4788-4bff-b118-dbee9e5a68b7" />
  </Folder>
  <Folder Name="/PaymentService/">
    <Project Path="PaymentService.Api/PaymentService.Api.csproj" Id="3f1e4c02-44ff-4a4a-bf84-b29922e36e69" />
    <Project Path="PaymentService.Application/PaymentService.Application.csproj" Id="c78cd1eb-67e3-4a9d-99e0-301ebc722f99" />
    <Project Path="PaymentService.Domain/PaymentService.Domain.csproj" Id="02d61528-d364-45da-89ff-3eb25f6687aa" />
    <Project Path="PaymentService.Infrastructure/PaymentService.Infrastructure.csproj" Id="2ea9bde5-a484-45af-a6e6-689478c283de" />
  </Folder>
  <Folder Name="/ProductService/">
    <Project Path="ProductService.Api/ProductService.Api.csproj" Id="f8c667b9-e720-4bfa-af29-e537754e4fc9" />
    <Project Path="ProductService.Application/ProductService.Application.csproj" Id="9675ea70-7124-434c-968d-2e3ee4c714d8" />
    <Project Path="ProductService.Domain/ProductService.Domain.csproj" Id="b54523db-9b85-4cce-99fe-bad6e25da4ec" />
    <Project Path="ProductService.Infrastructure/ProductService.Infrastructure.csproj" Id="e793c0a7-2bd2-40d6-b777-cd593d05238f" />
  </Folder>
  <Folder Name="/PromotionService/">
    <Project Path="PromotionService.Api/PromotionService.Api.csproj" Id="300d2e5d-95c5-4522-ba6b-52ac875b89bf" />
    <Project Path="PromotionService.Application/PromotionService.Application.csproj" Id="ab5ea991-8422-41fb-ad1e-f841386caf5d" />
    <Project Path="PromotionService.Domain/PromotionService.Domain.csproj" Id="787ef31a-2440-4e5e-9f03-65c647a3b289" />
    <Project Path="PromotionService.Infrastructure/PromotionService.Infrastructure.csproj" Id="b6ce3e4b-b057-425f-8f4c-13e8401c92e9" />
  </Folder>
  <Folder Name="/ShippingService/">
    <Project Path="ShippingService.Api/ShippingService.Api.csproj" Id="06e6735b-c41b-4c75-ac60-3e21104baf99" />
    <Project Path="ShippingService.Application/ShippingService.Application.csproj" Id="47cb8a17-6636-46a7-9960-d34801cb844b" />
    <Project Path="ShippingService.Domain/ShippingService.Domain.csproj" Id="e783a38c-60f1-4402-9d5b-db21060529f0" />
    <Project Path="ShippingService.Infrastructure/ShippingService.Infrastructure.csproj" Id="eb794d95-2343-42a2-b79c-302d64be486b" />
  </Folder>
  <Folder Name="/src/">
    <File Path="App.jsx" />
  </Folder>
  <Folder Name="/src/components/">
    <File Path="Input.jsx" />
  </Folder>
  <Folder Name="/src/pages/">
    <File Path="Login.jsx" />
    <File Path="Register.jsx" />
  </Folder>
  <Folder Name="/src/routes/">
    <File Path="AppRoutes.jsx" />
  </Folder>
  <Folder Name="/src/services/">
    <File Path="api.js" />
    <File Path="authApi.js" />
  </Folder>
  <Folder Name="/src/styles/">
    <File Path="auth.css" />
  </Folder>
  <Folder Name="/src/utils/" />
  <Folder Name="/UserService/">
    <Project Path="UserService.Api/UserService.Api.csproj" Id="b60f60eb-413e-4c4d-ba0f-685e6654f185" />
    <Project Path="UserService.Application/UserService.Application.csproj" Id="9e09aa17-aafa-41c8-ba78-d4cafe444ebb" />
    <Project Path="UserService.Domain/UserService.Domain.csproj" Id="aaf47577-45aa-417a-bafe-93fb7b55dfbf" />
    <Project Path="UserService.Infrastructure/UserService.Infrastructure.csproj" />
  </Folder>
  <Project Path="Contracts/EcomSystem.Contracts.csproj" Id="2f5346d8-abca-4219-867c-97319a773582" />
</Solution>
